
Microsoft Visual Studio Solution File, Format Version 12.00
# Visual Studio Version 17
VisualStudioVersion = 17.10.34916.146
MinimumVisualStudioVersion = 10.0.40219.1
Project("{FAE04EC0-301F-11D3-BF4B-00C04F79EFBC}") = "LispSharpCore", "LispSharpCore\LispSharpCore.csproj", "{4150B4C5-AD9C-4691-8293-A2ED96C28996}"
EndProject
Global
	GlobalSection(SolutionConfigurationPlatforms) = preSolution
		Debug|Any CPU = Debug|Any CPU
		Release|Any CPU = Release|Any CPU
	EndGlobalSection
	GlobalSection(ProjectConfigurationPlatforms) = postSolution
		{4150B4C5-AD9C-4691-8293-A2ED96C28996}.Debug|Any CPU.ActiveCfg = Debug|Any CPU
		{4150B4C5-AD9C-4691-8293-A2ED96C28996}.Debug|Any CPU.Build.0 = Debug|Any CPU
		{4150B4C5-AD9C-4691-8293-A2ED96C28996}.Release|Any CPU.ActiveCfg = Release|Any CPU
		{4150B4C5-AD9C-4691-8293-A2ED96C28996}.Release|Any CPU.Build.0 = Release|Any CPU
	EndGlobalSection
	GlobalSection(SolutionProperties) = preSolution
		HideSolutionNode = FALSE
	EndGlobalSection
	GlobalSection(ExtensibilityGlobals) = postSolution
		SolutionGuid = {E4053434-11D7-4D4D-97F4-1BE86A5B567F}
	EndGlobalSection
EndGlobal
